%{"amqp": {:hex, :amqp, "0.2.4", "23f888b3f06147a93a71ca57b855d1d5da6ea1aa1214adfc0bec7398c268c999", [:mix], [{:amqp_client, "~> 3.6.8", [hex: :amqp_client, repo: "hexpm", optional: false]}, {:rabbit_common, "~> 3.6.8", [hex: :rabbit_common, repo: "hexpm", optional: false]}], "hexpm"},
  "amqp_client": {:hex, :amqp_client, "3.6.16", "9e61e7a021b850a3092c84b377fd6c0f19ae648e9b4cb7b41c620d4a9a397f3c", [:make, :rebar3], [{:rabbit_common, "3.6.16", [hex: :rabbit_common, repo: "hexpm", optional: false]}], "hexpm"},
  "rabbit_common": {:hex, :rabbit_common, "3.6.16", "7f6a101963c151008b42373857ad7741be476210cfd4df5c4746ab45fa558861", [:make, :rebar3], [{:recon, "2.3.2", [hex: :recon, repo: "hexpm", optional: false]}], "hexpm"},
  "recon": {:hex, :recon, "2.3.2", "4444c879be323b1b133eec5241cb84bd3821ea194c740d75617e106be4744318", [:rebar3], [], "hexpm"}}
